{
	"name": "incr",
	"lockfileVersion": 2,
	"requires": true,
	"packages": {
		"": {
			"name": "incr",
			"dependencies": {
				"bun": "^1.2.2",
				"he": "^1.2.0",
				"immer": "^10.1.1",
				"lodash-es": "^4.17.21",
				"rxjs": "^7.8.1"
			},
			"devDependencies": {
				"@types/bun": "latest",
				"@types/he": "^1.2.3",
				"@types/lodash-es": "^4.17.12"
			},
			"peerDependencies": {
				"typescript": "^5.0.0"
			}
		},
		"node_modules/@oven/bun-windows-x64": {
			"version": "1.2.2",
			"cpu": [
				"x64"
			],
			"license": "MIT",
			"optional": true,
			"os": [
				"win32"
			]
		},
		"node_modules/@oven/bun-windows-x64-baseline": {
			"version": "1.2.2",
			"cpu": [
				"x64"
			],
			"license": "MIT",
			"optional": true,
			"os": [
				"win32"
			]
		},
		"node_modules/@types/bun": {
			"version": "1.2.2",
			"resolved": "https://registry.npmjs.org/@types/bun/-/bun-1.2.2.tgz",
			"integrity": "sha512-tr74gdku+AEDN5ergNiBnplr7hpDp3V1h7fqI2GcR/rsUaM39jpSeKH0TFibRvU0KwniRx5POgaYnaXbk0hU+w==",
			"dev": true,
			"dependencies": {
				"bun-types": "1.2.2"
			}
		},
		"node_modules/@types/he": {
			"version": "1.2.3",
			"resolved": "https://registry.npmjs.org/@types/he/-/he-1.2.3.tgz",
			"integrity": "sha512-q67/qwlxblDzEDvzHhVkwc1gzVWxaNxeyHUBF4xElrvjL11O+Ytze+1fGpBHlr/H9myiBUaUXNnNPmBHxxfAcA==",
			"dev": true
		},
		"node_modules/@types/lodash": {
			"version": "4.17.15",
			"resolved": "https://registry.npmjs.org/@types/lodash/-/lodash-4.17.15.tgz",
			"integrity": "sha512-w/P33JFeySuhN6JLkysYUK2gEmy9kHHFN7E8ro0tkfmlDOgxBDzWEZ/J8cWA+fHqFevpswDTFZnDx+R9lbL6xw==",
			"dev": true
		},
		"node_modules/@types/lodash-es": {
			"version": "4.17.12",
			"resolved": "https://registry.npmjs.org/@types/lodash-es/-/lodash-es-4.17.12.tgz",
			"integrity": "sha512-0NgftHUcV4v34VhXm8QBSftKVXtbkBG3ViCjs6+eJ5a6y6Mi/jiFGPc1sC7QK+9BFhWrURE3EOggmWaSxL9OzQ==",
			"dev": true,
			"dependencies": {
				"@types/lodash": "*"
			}
		},
		"node_modules/@types/node": {
			"version": "22.13.0",
			"dev": true,
			"license": "MIT",
			"dependencies": {
				"undici-types": "~6.20.0"
			}
		},
		"node_modules/@types/ws": {
			"version": "8.5.14",
			"dev": true,
			"license": "MIT",
			"dependencies": {
				"@types/node": "*"
			}
		},
		"node_modules/bun": {
			"version": "1.2.2",
			"cpu": [
				"arm64",
				"x64",
				"aarch64"
			],
			"hasInstallScript": true,
			"license": "MIT",
			"os": [
				"darwin",
				"linux",
				"win32"
			],
			"bin": {
				"bun": "bin/bun.exe",
				"bunx": "bin/bun.exe"
			},
			"optionalDependencies": {
				"@oven/bun-darwin-aarch64": "1.2.2",
				"@oven/bun-darwin-x64": "1.2.2",
				"@oven/bun-darwin-x64-baseline": "1.2.2",
				"@oven/bun-linux-aarch64": "1.2.2",
				"@oven/bun-linux-aarch64-musl": "1.2.2",
				"@oven/bun-linux-x64": "1.2.2",
				"@oven/bun-linux-x64-baseline": "1.2.2",
				"@oven/bun-linux-x64-musl": "1.2.2",
				"@oven/bun-linux-x64-musl-baseline": "1.2.2",
				"@oven/bun-windows-x64": "1.2.2",
				"@oven/bun-windows-x64-baseline": "1.2.2"
			}
		},
		"node_modules/bun-types": {
			"version": "1.2.2",
			"dev": true,
			"license": "MIT",
			"dependencies": {
				"@types/node": "*",
				"@types/ws": "~8.5.10"
			}
		},
		"node_modules/he": {
			"version": "1.2.0",
			"resolved": "https://registry.npmjs.org/he/-/he-1.2.0.tgz",
			"integrity": "sha512-F/1DnUGPopORZi0ni+CvrCgHQ5FyEAHRLSApuYWMmrbSwoN2Mn/7k+Gl38gJnR7yyDZk6WLXwiGod1JOWNDKGw==",
			"bin": {
				"he": "bin/he"
			}
		},
		"node_modules/immer": {
			"version": "10.1.1",
			"license": "MIT",
			"funding": {
				"type": "opencollective",
				"url": "https://opencollective.com/immer"
			}
		},
		"node_modules/lodash-es": {
			"version": "4.17.21",
			"license": "MIT"
		},
		"node_modules/rxjs": {
			"version": "7.8.1",
			"resolved": "https://registry.npmjs.org/rxjs/-/rxjs-7.8.1.tgz",
			"integrity": "sha512-AA3TVj+0A2iuIoQkWEK/tqFjBq2j+6PO6Y0zJcvzLAFhEFIO3HL0vls9hWLncZbAAbK0mar7oZ4V079I/qPMxg==",
			"dependencies": {
				"tslib": "^2.1.0"
			}
		},
		"node_modules/tslib": {
			"version": "2.8.1",
			"resolved": "https://registry.npmjs.org/tslib/-/tslib-2.8.1.tgz",
			"integrity": "sha512-oJFu94HQb+KVduSUQL7wnpmqnfmLsOA/nAh6b6EH0wCEoK0/mPeXU6c3wKDV83MkOuHPRHtSXKKU99IBazS/2w=="
		},
		"node_modules/typescript": {
			"version": "5.7.3",
			"license": "Apache-2.0",
			"peer": true,
			"bin": {
				"tsc": "bin/tsc",
				"tsserver": "bin/tsserver"
			},
			"engines": {
				"node": ">=14.17"
			}
		},
		"node_modules/undici-types": {
			"version": "6.20.0",
			"dev": true,
			"license": "MIT"
		}
	},
	"dependencies": {
		"@oven/bun-windows-x64": {
			"version": "1.2.2",
			"optional": true
		},
		"@oven/bun-windows-x64-baseline": {
			"version": "1.2.2",
			"optional": true
		},
		"@types/bun": {
			"version": "1.2.2",
			"resolved": "https://registry.npmjs.org/@types/bun/-/bun-1.2.2.tgz",
			"integrity": "sha512-tr74gdku+AEDN5ergNiBnplr7hpDp3V1h7fqI2GcR/rsUaM39jpSeKH0TFibRvU0KwniRx5POgaYnaXbk0hU+w==",
			"dev": true,
			"requires": {
				"bun-types": "1.2.2"
			}
		},
		"@types/he": {
			"version": "1.2.3",
			"resolved": "https://registry.npmjs.org/@types/he/-/he-1.2.3.tgz",
			"integrity": "sha512-q67/qwlxblDzEDvzHhVkwc1gzVWxaNxeyHUBF4xElrvjL11O+Ytze+1fGpBHlr/H9myiBUaUXNnNPmBHxxfAcA==",
			"dev": true
		},
		"@types/lodash": {
			"version": "4.17.15",
			"resolved": "https://registry.npmjs.org/@types/lodash/-/lodash-4.17.15.tgz",
			"integrity": "sha512-w/P33JFeySuhN6JLkysYUK2gEmy9kHHFN7E8ro0tkfmlDOgxBDzWEZ/J8cWA+fHqFevpswDTFZnDx+R9lbL6xw==",
			"dev": true
		},
		"@types/lodash-es": {
			"version": "4.17.12",
			"resolved": "https://registry.npmjs.org/@types/lodash-es/-/lodash-es-4.17.12.tgz",
			"integrity": "sha512-0NgftHUcV4v34VhXm8QBSftKVXtbkBG3ViCjs6+eJ5a6y6Mi/jiFGPc1sC7QK+9BFhWrURE3EOggmWaSxL9OzQ==",
			"dev": true,
			"requires": {
				"@types/lodash": "*"
			}
		},
		"@types/node": {
			"version": "22.13.0",
			"dev": true,
			"requires": {
				"undici-types": "~6.20.0"
			}
		},
		"@types/ws": {
			"version": "8.5.14",
			"dev": true,
			"requires": {
				"@types/node": "*"
			}
		},
		"bun": {
			"version": "1.2.2",
			"requires": {
				"@oven/bun-darwin-aarch64": "1.2.2",
				"@oven/bun-darwin-x64": "1.2.2",
				"@oven/bun-darwin-x64-baseline": "1.2.2",
				"@oven/bun-linux-aarch64": "1.2.2",
				"@oven/bun-linux-aarch64-musl": "1.2.2",
				"@oven/bun-linux-x64": "1.2.2",
				"@oven/bun-linux-x64-baseline": "1.2.2",
				"@oven/bun-linux-x64-musl": "1.2.2",
				"@oven/bun-linux-x64-musl-baseline": "1.2.2",
				"@oven/bun-windows-x64": "1.2.2",
				"@oven/bun-windows-x64-baseline": "1.2.2"
			}
		},
		"bun-types": {
			"version": "1.2.2",
			"dev": true,
			"requires": {
				"@types/node": "*",
				"@types/ws": "~8.5.10"
			}
		},
		"he": {
			"version": "1.2.0",
			"resolved": "https://registry.npmjs.org/he/-/he-1.2.0.tgz",
			"integrity": "sha512-F/1DnUGPopORZi0ni+CvrCgHQ5FyEAHRLSApuYWMmrbSwoN2Mn/7k+Gl38gJnR7yyDZk6WLXwiGod1JOWNDKGw=="
		},
		"immer": {
			"version": "10.1.1"
		},
		"lodash-es": {
			"version": "4.17.21"
		},
		"rxjs": {
			"version": "7.8.1",
			"resolved": "https://registry.npmjs.org/rxjs/-/rxjs-7.8.1.tgz",
			"integrity": "sha512-AA3TVj+0A2iuIoQkWEK/tqFjBq2j+6PO6Y0zJcvzLAFhEFIO3HL0vls9hWLncZbAAbK0mar7oZ4V079I/qPMxg==",
			"requires": {
				"tslib": "^2.1.0"
			}
		},
		"tslib": {
			"version": "2.8.1",
			"resolved": "https://registry.npmjs.org/tslib/-/tslib-2.8.1.tgz",
			"integrity": "sha512-oJFu94HQb+KVduSUQL7wnpmqnfmLsOA/nAh6b6EH0wCEoK0/mPeXU6c3wKDV83MkOuHPRHtSXKKU99IBazS/2w=="
		},
		"typescript": {
			"version": "5.7.3",
			"peer": true
		},
		"undici-types": {
			"version": "6.20.0",
			"dev": true
		}
	}
}
